
Microsoft Visual Studio Solution File, Format Version 12.00
# Visual Studio Version 17
VisualStudioVersion = 17.4.33213.308
MinimumVisualStudioVersion = 10.0.40219.1
Project("{FAE04EC0-301F-11D3-BF4B-00C04F79EFBC}") = "dbFirst", "dbFirst\dbFirst.csproj", "{811977ED-4E84-48D1-ACE0-90DC4ABD931A}"
EndProject
Global
	GlobalSection(SolutionConfigurationPlatforms) = preSolution
		Debug|Any CPU = Debug|Any CPU
		Release|Any CPU = Release|Any CPU
	EndGlobalSection
	GlobalSection(ProjectConfigurationPlatforms) = postSolution
		{811977ED-4E84-48D1-ACE0-90DC4ABD931A}.Debug|Any CPU.ActiveCfg = Debug|Any CPU
		{811977ED-4E84-48D1-ACE0-90DC4ABD931A}.Debug|Any CPU.Build.0 = Debug|Any CPU
		{811977ED-4E84-48D1-ACE0-90DC4ABD931A}.Release|Any CPU.ActiveCfg = Release|Any CPU
		{811977ED-4E84-48D1-ACE0-90DC4ABD931A}.Release|Any CPU.Build.0 = Release|Any CPU
	EndGlobalSection
	GlobalSection(SolutionProperties) = preSolution
		HideSolutionNode = FALSE
	EndGlobalSection
	GlobalSection(ExtensibilityGlobals) = postSolution
		SolutionGuid = {97484172-3752-4615-839E-FB7786E42D1F}
	EndGlobalSection
EndGlobal
